
Microsoft Visual Studio Solution File, Format Version 12.00
# Visual Studio Version 16
VisualStudioVersion = 16.0.31112.23
MinimumVisualStudioVersion = 10.0.40219.1
Project("{FAE04EC0-301F-11D3-BF4B-00C04F79EFBC}") = "GB_HW50", "GB_HW50.csproj", "{C082829B-8090-4091-8DE9-A2C664DCC60C}"
EndProject
Global
	GlobalSection(SolutionConfigurationPlatforms) = preSolution
		Debug|Any CPU = Debug|Any CPU
		Release|Any CPU = Release|Any CPU
	EndGlobalSection
	GlobalSection(ProjectConfigurationPlatforms) = postSolution
		{C082829B-8090-4091-8DE9-A2C664DCC60C}.Debug|Any CPU.ActiveCfg = Debug|Any CPU
		{C082829B-8090-4091-8DE9-A2C664DCC60C}.Debug|Any CPU.Build.0 = Debug|Any CPU
		{C082829B-8090-4091-8DE9-A2C664DCC60C}.Release|Any CPU.ActiveCfg = Release|Any CPU
		{C082829B-8090-4091-8DE9-A2C664DCC60C}.Release|Any CPU.Build.0 = Release|Any CPU
	EndGlobalSection
	GlobalSection(SolutionProperties) = preSolution
		HideSolutionNode = FALSE
	EndGlobalSection
	GlobalSection(ExtensibilityGlobals) = postSolution
		SolutionGuid = {B4363758-87AA-4FAF-ABEC-458CFABE3AB0}
	EndGlobalSection
EndGlobal
